
Microsoft Visual Studio Solution File, Format Version 12.00
Project("{FAE04EC0-301F-11D3-BF4B-00C04F79EFBC}") = "Rumrunner0.Commander", "Rumrunner0.Commander\Rumrunner0.Commander.csproj", "{9896B6AA-674D-4D72-99E4-40874A1AE7C8}"
EndProject
Project("{FAE04EC0-301F-11D3-BF4B-00C04F79EFBC}") = "Rumrunner0.Commander.Demo.Runnable", "Rumrunner0.Commander.Demo.Runnable\Rumrunner0.Commander.Demo.Runnable.csproj", "{B69D6211-8DC6-4ECD-A4FC-CCB36D1F70CC}"
EndProject
Global
	GlobalSection(SolutionConfigurationPlatforms) = preSolution
		Debug|Any CPU = Debug|Any CPU
		Release|Any CPU = Release|Any CPU
	EndGlobalSection
	GlobalSection(ProjectConfigurationPlatforms) = postSolution
		{9896B6AA-674D-4D72-99E4-40874A1AE7C8}.Debug|Any CPU.ActiveCfg = Debug|Any CPU
		{9896B6AA-674D-4D72-99E4-40874A1AE7C8}.Debug|Any CPU.Build.0 = Debug|Any CPU
		{9896B6AA-674D-4D72-99E4-40874A1AE7C8}.Release|Any CPU.ActiveCfg = Release|Any CPU
		{9896B6AA-674D-4D72-99E4-40874A1AE7C8}.Release|Any CPU.Build.0 = Release|Any CPU
		{B69D6211-8DC6-4ECD-A4FC-CCB36D1F70CC}.Debug|Any CPU.ActiveCfg = Debug|Any CPU
		{B69D6211-8DC6-4ECD-A4FC-CCB36D1F70CC}.Debug|Any CPU.Build.0 = Debug|Any CPU
		{B69D6211-8DC6-4ECD-A4FC-CCB36D1F70CC}.Release|Any CPU.ActiveCfg = Release|Any CPU
		{B69D6211-8DC6-4ECD-A4FC-CCB36D1F70CC}.Release|Any CPU.Build.0 = Release|Any CPU
	EndGlobalSection
EndGlobal
